
Microsoft Visual Studio Solution File, Format Version 12.00
# Visual Studio 15
VisualStudioVersion = 15.0.26430.12
MinimumVisualStudioVersion = 10.0.40219.1
Project("{DA7A21FA-8162-4350-AD77-A8D1B671F3ED}") = "Shinystructure", "Shinystructure\Shinystructure.rxproj", "{4DC207D9-A137-4D5E-8CA5-42AFA07F69C0}"
EndProject
Global
	GlobalSection(SolutionConfigurationPlatforms) = preSolution
		Debug|Any CPU = Debug|Any CPU
		Release|Any CPU = Release|Any CPU
	EndGlobalSection
	GlobalSection(ProjectConfigurationPlatforms) = postSolution
		{4DC207D9-A137-4D5E-8CA5-42AFA07F69C0}.Debug|Any CPU.ActiveCfg = Debug|Any CPU
		{4DC207D9-A137-4D5E-8CA5-42AFA07F69C0}.Debug|Any CPU.Build.0 = Debug|Any CPU
		{4DC207D9-A137-4D5E-8CA5-42AFA07F69C0}.Release|Any CPU.ActiveCfg = Release|Any CPU
		{4DC207D9-A137-4D5E-8CA5-42AFA07F69C0}.Release|Any CPU.Build.0 = Release|Any CPU
	EndGlobalSection
	GlobalSection(SolutionProperties) = preSolution
		HideSolutionNode = FALSE
	EndGlobalSection
EndGlobal
